
Microsoft Visual Studio Solution File, Format Version 12.00
# Visual Studio 14
VisualStudioVersion = 14.0.25123.0
MinimumVisualStudioVersion = 10.0.40219.1
Project("{FAE04EC0-301F-11D3-BF4B-00C04F79EFBC}") = "HRAP", "HRAP\HRAP.csproj", "{FBD3F9A7-8866-456D-AA79-E20C67537485}"
EndProject
Global
	GlobalSection(SolutionConfigurationPlatforms) = preSolution
		Debug|Any CPU = Debug|Any CPU
		Release|Any CPU = Release|Any CPU
	EndGlobalSection
	GlobalSection(ProjectConfigurationPlatforms) = postSolution
		{FBD3F9A7-8866-456D-AA79-E20C67537485}.Debug|Any CPU.ActiveCfg = Debug|Any CPU
		{FBD3F9A7-8866-456D-AA79-E20C67537485}.Debug|Any CPU.Build.0 = Debug|Any CPU
		{FBD3F9A7-8866-456D-AA79-E20C67537485}.Release|Any CPU.ActiveCfg = Release|Any CPU
		{FBD3F9A7-8866-456D-AA79-E20C67537485}.Release|Any CPU.Build.0 = Release|Any CPU
	EndGlobalSection
	GlobalSection(SolutionProperties) = preSolution
		HideSolutionNode = FALSE
	EndGlobalSection
EndGlobal
