
Microsoft Visual Studio Solution File, Format Version 11.00
# Visual Studio 2010
Project("{FAE04EC0-301F-11D3-BF4B-00C04F79EFBC}") = "HRAP", "Assembly-CSharp.csproj", "{7895908E-AB12-2D1C-EC22-57FEB30D8BCC}"
EndProject
Project("{FAE04EC0-301F-11D3-BF4B-00C04F79EFBC}") = "HRAP", "Assembly-CSharp-Editor.csproj", "{B81189B9-B871-C119-305A-B12B3D1A58D5}"
EndProject
Global
	GlobalSection(SolutionConfigurationPlatforms) = preSolution
		Debug|Any CPU = Debug|Any CPU
		Release|Any CPU = Release|Any CPU
	EndGlobalSection
	GlobalSection(ProjectConfigurationPlatforms) = postSolution
		{7895908E-AB12-2D1C-EC22-57FEB30D8BCC}.Debug|Any CPU.ActiveCfg = Debug|Any CPU
		{7895908E-AB12-2D1C-EC22-57FEB30D8BCC}.Debug|Any CPU.Build.0 = Debug|Any CPU
		{7895908E-AB12-2D1C-EC22-57FEB30D8BCC}.Release|Any CPU.ActiveCfg = Release|Any CPU
		{7895908E-AB12-2D1C-EC22-57FEB30D8BCC}.Release|Any CPU.Build.0 = Release|Any CPU
		{B81189B9-B871-C119-305A-B12B3D1A58D5}.Debug|Any CPU.ActiveCfg = Debug|Any CPU
		{B81189B9-B871-C119-305A-B12B3D1A58D5}.Debug|Any CPU.Build.0 = Debug|Any CPU
		{B81189B9-B871-C119-305A-B12B3D1A58D5}.Release|Any CPU.ActiveCfg = Release|Any CPU
		{B81189B9-B871-C119-305A-B12B3D1A58D5}.Release|Any CPU.Build.0 = Release|Any CPU
	EndGlobalSection
	GlobalSection(SolutionProperties) = preSolution
		HideSolutionNode = FALSE
	EndGlobalSection
	GlobalSection(MonoDevelopProperties) = preSolution
		StartupItem = Assembly-CSharp.csproj
	EndGlobalSection
EndGlobal
